
Microsoft Visual Studio Solution File, Format Version 12.00
# Visual Studio Version 16
VisualStudioVersion = 16.0.30717.126
MinimumVisualStudioVersion = 10.0.40219.1
Project("{FAE04EC0-301F-11D3-BF4B-00C04F79EFBC}") = "GettingStartedSignalR", "GettingStartedSignalR.csproj", "{3426B1DE-F47F-4FC2-9166-CE5272C4C471}"
EndProject
Global
	GlobalSection(SolutionConfigurationPlatforms) = preSolution
		Debug|Any CPU = Debug|Any CPU
		Release|Any CPU = Release|Any CPU
	EndGlobalSection
	GlobalSection(ProjectConfigurationPlatforms) = postSolution
		{3426B1DE-F47F-4FC2-9166-CE5272C4C471}.Debug|Any CPU.ActiveCfg = Debug|Any CPU
		{3426B1DE-F47F-4FC2-9166-CE5272C4C471}.Debug|Any CPU.Build.0 = Debug|Any CPU
		{3426B1DE-F47F-4FC2-9166-CE5272C4C471}.Release|Any CPU.ActiveCfg = Release|Any CPU
		{3426B1DE-F47F-4FC2-9166-CE5272C4C471}.Release|Any CPU.Build.0 = Release|Any CPU
	EndGlobalSection
	GlobalSection(SolutionProperties) = preSolution
		HideSolutionNode = FALSE
	EndGlobalSection
	GlobalSection(ExtensibilityGlobals) = postSolution
		SolutionGuid = {B5C7E449-E0BB-4C3B-8735-7F1772D479EA}
	EndGlobalSection
EndGlobal
